
Microsoft Visual Studio Solution File, Format Version 12.00
# Visual Studio 14
VisualStudioVersion = 14.0.22310.1
MinimumVisualStudioVersion = 10.0.40219.1
Project("{8BC9CEB8-8B4A-11D0-8D11-00A0C91BC942}") = "Algorihtm", "Algorihtm.vcxproj", "{B9B1EF11-422F-4F4C-8719-E3A713C0C612}"
EndProject
Project("{8BC9CEB8-8B4A-11D0-8D11-00A0C91BC942}") = "Test", "..\Test\Test.vcxproj", "{835A1C65-A4C9-4762-B40B-A238A36417D0}"
EndProject
Global
	GlobalSection(SolutionConfigurationPlatforms) = preSolution
		Debug|Win32 = Debug|Win32
		Debug|x64 = Debug|x64
		Release|Win32 = Release|Win32
		Release|x64 = Release|x64
	EndGlobalSection
	GlobalSection(ProjectConfigurationPlatforms) = postSolution
		{B9B1EF11-422F-4F4C-8719-E3A713C0C612}.Debug|Win32.ActiveCfg = Debug|Win32
		{B9B1EF11-422F-4F4C-8719-E3A713C0C612}.Debug|Win32.Build.0 = Debug|Win32
		{B9B1EF11-422F-4F4C-8719-E3A713C0C612}.Debug|x64.ActiveCfg = Debug|x64
		{B9B1EF11-422F-4F4C-8719-E3A713C0C612}.Debug|x64.Build.0 = Debug|x64
		{B9B1EF11-422F-4F4C-8719-E3A713C0C612}.Release|Win32.ActiveCfg = Release|Win32
		{B9B1EF11-422F-4F4C-8719-E3A713C0C612}.Release|Win32.Build.0 = Release|Win32
		{B9B1EF11-422F-4F4C-8719-E3A713C0C612}.Release|x64.ActiveCfg = Release|x64
		{B9B1EF11-422F-4F4C-8719-E3A713C0C612}.Release|x64.Build.0 = Release|x64
		{835A1C65-A4C9-4762-B40B-A238A36417D0}.Debug|Win32.ActiveCfg = Debug|Win32
		{835A1C65-A4C9-4762-B40B-A238A36417D0}.Debug|Win32.Build.0 = Debug|Win32
		{835A1C65-A4C9-4762-B40B-A238A36417D0}.Debug|x64.ActiveCfg = Debug|x64
		{835A1C65-A4C9-4762-B40B-A238A36417D0}.Debug|x64.Build.0 = Debug|x64
		{835A1C65-A4C9-4762-B40B-A238A36417D0}.Release|Win32.ActiveCfg = Release|Win32
		{835A1C65-A4C9-4762-B40B-A238A36417D0}.Release|Win32.Build.0 = Release|Win32
		{835A1C65-A4C9-4762-B40B-A238A36417D0}.Release|x64.ActiveCfg = Release|x64
		{835A1C65-A4C9-4762-B40B-A238A36417D0}.Release|x64.Build.0 = Release|x64
	EndGlobalSection
	GlobalSection(SolutionProperties) = preSolution
		HideSolutionNode = FALSE
	EndGlobalSection
EndGlobal
